
Microsoft Visual Studio Solution File, Format Version 12.00
# Visual Studio Version 17
VisualStudioVersion = 17.5.2.0
MinimumVisualStudioVersion = 10.0.40219.1
Project("{2150E333-8FDC-42A3-9474-1A3956D46DE8}") = "src", "src", "{827E0CD3-B72D-47B6-A68D-7590B98EB39B}"
EndProject
Project("{FAE04EC0-301F-11D3-BF4B-00C04F79EFBC}") = "CheckList.AppHost", "src\CheckList.AppHost\CheckList.AppHost.csproj", "{C06FB235-BB49-49D2-84E9-5812F4D0AC64}"
EndProject
Project("{FAE04EC0-301F-11D3-BF4B-00C04F79EFBC}") = "CheckList.Web", "src\CheckList.Web\CheckList.Web.csproj", "{E8B7E528-6422-4F8C-A4CE-FA1ECA43340E}"
EndProject
Project("{FAE04EC0-301F-11D3-BF4B-00C04F79EFBC}") = "CheckList.Tests", "src\CheckList.Tests\CheckList.Tests.csproj", "{4A562B6C-0D5C-46FB-9747-DF212CC0000F}"
EndProject
Project("{00D1A9C2-B5F0-4AF3-8072-F6C62B433612}") = "CheckList.Database", "src\CheckList.Database\CheckList.Database.sqlproj", "{ADC9AE96-1373-4083-87AF-C03D53CB1C5A}"
EndProject
Project("{FAE04EC0-301F-11D3-BF4B-00C04F79EFBC}") = "CheckList.PlaywrightTests", "src\CheckList.PlaywrightTests\CheckList.PlaywrightTests.csproj", "{F9D23D55-E280-4280-B601-4C4B7C93E858}"
EndProject
Global
	GlobalSection(SolutionConfigurationPlatforms) = preSolution
		Debug|Any CPU = Debug|Any CPU
		Debug|x64 = Debug|x64
		Debug|x86 = Debug|x86
		Release|Any CPU = Release|Any CPU
		Release|x64 = Release|x64
		Release|x86 = Release|x86
	EndGlobalSection
	GlobalSection(ProjectConfigurationPlatforms) = postSolution
		{C06FB235-BB49-49D2-84E9-5812F4D0AC64}.Debug|Any CPU.ActiveCfg = Debug|Any CPU
		{C06FB235-BB49-49D2-84E9-5812F4D0AC64}.Debug|Any CPU.Build.0 = Debug|Any CPU
		{C06FB235-BB49-49D2-84E9-5812F4D0AC64}.Debug|x64.ActiveCfg = Debug|Any CPU
		{C06FB235-BB49-49D2-84E9-5812F4D0AC64}.Debug|x64.Build.0 = Debug|Any CPU
		{C06FB235-BB49-49D2-84E9-5812F4D0AC64}.Debug|x86.ActiveCfg = Debug|Any CPU
		{C06FB235-BB49-49D2-84E9-5812F4D0AC64}.Debug|x86.Build.0 = Debug|Any CPU
		{C06FB235-BB49-49D2-84E9-5812F4D0AC64}.Release|Any CPU.ActiveCfg = Release|Any CPU
		{C06FB235-BB49-49D2-84E9-5812F4D0AC64}.Release|Any CPU.Build.0 = Release|Any CPU
		{C06FB235-BB49-49D2-84E9-5812F4D0AC64}.Release|x64.ActiveCfg = Release|Any CPU
		{C06FB235-BB49-49D2-84E9-5812F4D0AC64}.Release|x64.Build.0 = Release|Any CPU
		{C06FB235-BB49-49D2-84E9-5812F4D0AC64}.Release|x86.ActiveCfg = Release|Any CPU
		{C06FB235-BB49-49D2-84E9-5812F4D0AC64}.Release|x86.Build.0 = Release|Any CPU
		{E8B7E528-6422-4F8C-A4CE-FA1ECA43340E}.Debug|Any CPU.ActiveCfg = Debug|Any CPU
		{E8B7E528-6422-4F8C-A4CE-FA1ECA43340E}.Debug|Any CPU.Build.0 = Debug|Any CPU
		{E8B7E528-6422-4F8C-A4CE-FA1ECA43340E}.Debug|x64.ActiveCfg = Debug|Any CPU
		{E8B7E528-6422-4F8C-A4CE-FA1ECA43340E}.Debug|x64.Build.0 = Debug|Any CPU
		{E8B7E528-6422-4F8C-A4CE-FA1ECA43340E}.Debug|x86.ActiveCfg = Debug|Any CPU
		{E8B7E528-6422-4F8C-A4CE-FA1ECA43340E}.Debug|x86.Build.0 = Debug|Any CPU
		{E8B7E528-6422-4F8C-A4CE-FA1ECA43340E}.Release|Any CPU.ActiveCfg = Release|Any CPU
		{E8B7E528-6422-4F8C-A4CE-FA1ECA43340E}.Release|Any CPU.Build.0 = Release|Any CPU
		{E8B7E528-6422-4F8C-A4CE-FA1ECA43340E}.Release|x64.ActiveCfg = Release|Any CPU
		{E8B7E528-6422-4F8C-A4CE-FA1ECA43340E}.Release|x64.Build.0 = Release|Any CPU
		{E8B7E528-6422-4F8C-A4CE-FA1ECA43340E}.Release|x86.ActiveCfg = Release|Any CPU
		{E8B7E528-6422-4F8C-A4CE-FA1ECA43340E}.Release|x86.Build.0 = Release|Any CPU
		{4A562B6C-0D5C-46FB-9747-DF212CC0000F}.Debug|Any CPU.ActiveCfg = Debug|Any CPU
		{4A562B6C-0D5C-46FB-9747-DF212CC0000F}.Debug|Any CPU.Build.0 = Debug|Any CPU
		{4A562B6C-0D5C-46FB-9747-DF212CC0000F}.Debug|x64.ActiveCfg = Debug|Any CPU
		{4A562B6C-0D5C-46FB-9747-DF212CC0000F}.Debug|x64.Build.0 = Debug|Any CPU
		{4A562B6C-0D5C-46FB-9747-DF212CC0000F}.Debug|x86.ActiveCfg = Debug|Any CPU
		{4A562B6C-0D5C-46FB-9747-DF212CC0000F}.Debug|x86.Build.0 = Debug|Any CPU
		{4A562B6C-0D5C-46FB-9747-DF212CC0000F}.Release|Any CPU.ActiveCfg = Release|Any CPU
		{4A562B6C-0D5C-46FB-9747-DF212CC0000F}.Release|Any CPU.Build.0 = Release|Any CPU
		{4A562B6C-0D5C-46FB-9747-DF212CC0000F}.Release|x64.ActiveCfg = Release|Any CPU
		{4A562B6C-0D5C-46FB-9747-DF212CC0000F}.Release|x64.Build.0 = Release|Any CPU
		{4A562B6C-0D5C-46FB-9747-DF212CC0000F}.Release|x86.ActiveCfg = Release|Any CPU
		{4A562B6C-0D5C-46FB-9747-DF212CC0000F}.Release|x86.Build.0 = Release|Any CPU
		{ADC9AE96-1373-4083-87AF-C03D53CB1C5A}.Debug|Any CPU.ActiveCfg = Debug|Any CPU
		{ADC9AE96-1373-4083-87AF-C03D53CB1C5A}.Debug|x64.ActiveCfg = Debug|Any CPU
		{ADC9AE96-1373-4083-87AF-C03D53CB1C5A}.Debug|x86.ActiveCfg = Debug|Any CPU
		{ADC9AE96-1373-4083-87AF-C03D53CB1C5A}.Release|Any CPU.ActiveCfg = Release|Any CPU
		{ADC9AE96-1373-4083-87AF-C03D53CB1C5A}.Release|x64.ActiveCfg = Release|Any CPU
		{ADC9AE96-1373-4083-87AF-C03D53CB1C5A}.Release|x86.ActiveCfg = Release|Any CPU
		{F9D23D55-E280-4280-B601-4C4B7C93E858}.Debug|Any CPU.ActiveCfg = Debug|Any CPU
		{F9D23D55-E280-4280-B601-4C4B7C93E858}.Debug|Any CPU.Build.0 = Debug|Any CPU
		{F9D23D55-E280-4280-B601-4C4B7C93E858}.Debug|x64.ActiveCfg = Debug|Any CPU
		{F9D23D55-E280-4280-B601-4C4B7C93E858}.Debug|x64.Build.0 = Debug|Any CPU
		{F9D23D55-E280-4280-B601-4C4B7C93E858}.Debug|x86.ActiveCfg = Debug|Any CPU
		{F9D23D55-E280-4280-B601-4C4B7C93E858}.Debug|x86.Build.0 = Debug|Any CPU
		{F9D23D55-E280-4280-B601-4C4B7C93E858}.Release|Any CPU.ActiveCfg = Release|Any CPU
		{F9D23D55-E280-4280-B601-4C4B7C93E858}.Release|Any CPU.Build.0 = Release|Any CPU
		{F9D23D55-E280-4280-B601-4C4B7C93E858}.Release|x64.ActiveCfg = Release|Any CPU
		{F9D23D55-E280-4280-B601-4C4B7C93E858}.Release|x64.Build.0 = Release|Any CPU
		{F9D23D55-E280-4280-B601-4C4B7C93E858}.Release|x86.ActiveCfg = Release|Any CPU
		{F9D23D55-E280-4280-B601-4C4B7C93E858}.Release|x86.Build.0 = Release|Any CPU
	EndGlobalSection
	GlobalSection(SolutionProperties) = preSolution
		HideSolutionNode = FALSE
	EndGlobalSection
	GlobalSection(NestedProjects) = preSolution
		{C06FB235-BB49-49D2-84E9-5812F4D0AC64} = {827E0CD3-B72D-47B6-A68D-7590B98EB39B}
		{E8B7E528-6422-4F8C-A4CE-FA1ECA43340E} = {827E0CD3-B72D-47B6-A68D-7590B98EB39B}
		{4A562B6C-0D5C-46FB-9747-DF212CC0000F} = {827E0CD3-B72D-47B6-A68D-7590B98EB39B}
		{ADC9AE96-1373-4083-87AF-C03D53CB1C5A} = {827E0CD3-B72D-47B6-A68D-7590B98EB39B}
		{F9D23D55-E280-4280-B601-4C4B7C93E858} = {827E0CD3-B72D-47B6-A68D-7590B98EB39B}
	EndGlobalSection
	GlobalSection(ExtensibilityGlobals) = postSolution
		SolutionGuid = {D086715E-044A-4093-956E-6F0971BD9209}
	EndGlobalSection
EndGlobal
